
Microsoft Visual Studio Solution File, Format Version 12.00
# Visual Studio 15
VisualStudioVersion = 15.0.27130.2010
MinimumVisualStudioVersion = 10.0.40219.1
Project("{FAE04EC0-301F-11D3-BF4B-00C04F79EFBC}") = "XWingLeague", "XWingLeague\XWingLeague.csproj", "{DEE7C6AA-ADD8-42B0-A2C7-B031033F4B72}"
EndProject
Project("{FAE04EC0-301F-11D3-BF4B-00C04F79EFBC}") = "XWingLeague.DatabaseMigrations", "XWingLeague.DatabaseMigrations\XWingLeague.DatabaseMigrations.csproj", "{5BBF59C0-71AE-4E1F-A80D-8A9BB47C33D2}"
EndProject
Project("{FAE04EC0-301F-11D3-BF4B-00C04F79EFBC}") = "XWingLeague.UnitTests", "XWingLeague.UnitTests\XWingLeague.UnitTests.csproj", "{91A1D851-C878-4A9D-BCAF-F69FD45A8BB6}"
EndProject
Global
	GlobalSection(SolutionConfigurationPlatforms) = preSolution
		Debug|Any CPU = Debug|Any CPU
		Release|Any CPU = Release|Any CPU
	EndGlobalSection
	GlobalSection(ProjectConfigurationPlatforms) = postSolution
		{DEE7C6AA-ADD8-42B0-A2C7-B031033F4B72}.Debug|Any CPU.ActiveCfg = Debug|Any CPU
		{DEE7C6AA-ADD8-42B0-A2C7-B031033F4B72}.Debug|Any CPU.Build.0 = Debug|Any CPU
		{DEE7C6AA-ADD8-42B0-A2C7-B031033F4B72}.Release|Any CPU.ActiveCfg = Release|Any CPU
		{DEE7C6AA-ADD8-42B0-A2C7-B031033F4B72}.Release|Any CPU.Build.0 = Release|Any CPU
		{5BBF59C0-71AE-4E1F-A80D-8A9BB47C33D2}.Debug|Any CPU.ActiveCfg = Debug|Any CPU
		{5BBF59C0-71AE-4E1F-A80D-8A9BB47C33D2}.Debug|Any CPU.Build.0 = Debug|Any CPU
		{5BBF59C0-71AE-4E1F-A80D-8A9BB47C33D2}.Release|Any CPU.ActiveCfg = Release|Any CPU
		{5BBF59C0-71AE-4E1F-A80D-8A9BB47C33D2}.Release|Any CPU.Build.0 = Release|Any CPU
		{91A1D851-C878-4A9D-BCAF-F69FD45A8BB6}.Debug|Any CPU.ActiveCfg = Debug|Any CPU
		{91A1D851-C878-4A9D-BCAF-F69FD45A8BB6}.Debug|Any CPU.Build.0 = Debug|Any CPU
		{91A1D851-C878-4A9D-BCAF-F69FD45A8BB6}.Release|Any CPU.ActiveCfg = Release|Any CPU
		{91A1D851-C878-4A9D-BCAF-F69FD45A8BB6}.Release|Any CPU.Build.0 = Release|Any CPU
	EndGlobalSection
	GlobalSection(SolutionProperties) = preSolution
		HideSolutionNode = FALSE
	EndGlobalSection
	GlobalSection(ExtensibilityGlobals) = postSolution
		SolutionGuid = {72B30445-9438-495B-810C-42A0BB43E2F9}
	EndGlobalSection
EndGlobal
